
Microsoft Visual Studio Solution File, Format Version 12.00
# Visual Studio Version 16
VisualStudioVersion = 16.0.30114.105
MinimumVisualStudioVersion = 10.0.40219.1
Project("{2150E333-8FDC-42A3-9474-1A3956D46DE8}") = "1.0 -  Presentation", "1.0 -  Presentation", "{A39CB1AD-01F5-4C87-A093-4B3DC2B40AB7}"
EndProject
Project("{2150E333-8FDC-42A3-9474-1A3956D46DE8}") = "2.0 - Application", "2.0 - Application", "{FD484775-6BB9-4B87-8E2C-AE7CD345DB89}"
EndProject
Project("{2150E333-8FDC-42A3-9474-1A3956D46DE8}") = "3.0 - Domain", "3.0 - Domain", "{6D005A3A-D17D-4F57-9D6D-589B95901D91}"
EndProject
Project("{2150E333-8FDC-42A3-9474-1A3956D46DE8}") = "4.0 - Infrastruture", "4.0 - Infrastruture", "{98721B8C-FA66-4885-9F1E-834036624EAA}"
EndProject
Project("{9A19103F-16F7-4668-BE54-9A1E7A4F7556}") = "DDDWebApi.Domain", "3.0 Domain\DDDWebApi.Domain\DDDWebApi.Domain.csproj", "{236BE58A-F671-45B2-9054-384AEFA0EC5E}"
EndProject
Project("{9A19103F-16F7-4668-BE54-9A1E7A4F7556}") = "DDDWebApi.Domain.Core", "3.0 Domain\DDDWebApi.Domain.Core\DDDWebApi.Domain.Core.csproj", "{732A71CA-40AF-4591-B884-FCA7D61C1761}"
EndProject
Project("{9A19103F-16F7-4668-BE54-9A1E7A4F7556}") = "DDDWebApi.Domain.Services", "3.0 Domain\DDDWebApi.Domain.Services\DDDWebApi.Domain.Services.csproj", "{DA3DA007-A876-447F-97E0-EA95F723D3C8}"
EndProject
Project("{2150E333-8FDC-42A3-9474-1A3956D46DE8}") = "4.1 - Data", "4.1 - Data", "{85207A2B-31F1-40F2-9E68-38729B49E5A0}"
EndProject
Project("{2150E333-8FDC-42A3-9474-1A3956D46DE8}") = "4.2 - CrossCutting", "4.2 - CrossCutting", "{5DAFB470-E2BF-4294-A878-0A8623B3D045}"
EndProject
Project("{9A19103F-16F7-4668-BE54-9A1E7A4F7556}") = "DDDWebApi.Presentation", "1.0 Presentation\DDDWebApi.Presentation\DDDWebApi.Presentation.csproj", "{0819236D-DDCE-468A-BA01-8EB5C2890595}"
EndProject
Project("{9A19103F-16F7-4668-BE54-9A1E7A4F7556}") = "DDDWebApi.Infrastruture.Data", "4.0 Infrastruture\ 4.1 Data\DDDWebApi.Infrastruture.Data\DDDWebApi.Infrastruture.Data.csproj", "{2F27EC58-5BD3-4480-82A8-4100A82EE3DB}"
EndProject
Project("{9A19103F-16F7-4668-BE54-9A1E7A4F7556}") = "DDDWebApi.Infrastruture.Repository", "4.0 Infrastruture\ 4.1 Data\DDDWebApi.Infrastruture.Repository\DDDWebApi.Infrastruture.Repository.csproj", "{91E62261-602A-4FDA-B052-68A8FD0F979C}"
EndProject
Project("{9A19103F-16F7-4668-BE54-9A1E7A4F7556}") = "DDDWebApi.Infrastruture.CrossCutting.Adapter", "4.0 Infrastruture\4.2 CrossCutting\DDDWebApi.Infrastruture.CrossCutting.Adapter\DDDWebApi.Infrastruture.CrossCutting.Adapter.csproj", "{2E3843F4-596B-4A09-A9C4-6AE1C4E25C7D}"
EndProject
Project("{9A19103F-16F7-4668-BE54-9A1E7A4F7556}") = "DDDWebApi.Application", "2.0 Application\DDDWebApi.Application\DDDWebApi.Application.csproj", "{0E4F3480-6B18-4C75-B30C-EBB0B321CF0A}"
EndProject
Project("{9A19103F-16F7-4668-BE54-9A1E7A4F7556}") = "DDDWebApi.Application.DTO", "2.0 Application\DDDWebApi.Application.DTO\DDDWebApi.Application.DTO.csproj", "{195A9291-6C33-4A96-8CC6-6C1D06CDE2F4}"
EndProject
Project("{FAE04EC0-301F-11D3-BF4B-00C04F79EFBC}") = "DDDWebApi.Infrastruture.CrossCutting.IoC", "4.0 Infrastruture\4.2 CrossCutting\DDDWebApi.Infrastruture.CrossCutting.IoC\DDDWebApi.Infrastruture.CrossCutting.IoC.csproj", "{2A29C62B-49B7-4439-A197-4BF35DB8ED58}"
EndProject
Global
	GlobalSection(SolutionConfigurationPlatforms) = preSolution
		Debug|Any CPU = Debug|Any CPU
		Debug|x64 = Debug|x64
		Debug|x86 = Debug|x86
		Release|Any CPU = Release|Any CPU
		Release|x64 = Release|x64
		Release|x86 = Release|x86
	EndGlobalSection
	GlobalSection(ProjectConfigurationPlatforms) = postSolution
		{236BE58A-F671-45B2-9054-384AEFA0EC5E}.Debug|Any CPU.ActiveCfg = Debug|Any CPU
		{236BE58A-F671-45B2-9054-384AEFA0EC5E}.Debug|Any CPU.Build.0 = Debug|Any CPU
		{236BE58A-F671-45B2-9054-384AEFA0EC5E}.Debug|x64.ActiveCfg = Debug|Any CPU
		{236BE58A-F671-45B2-9054-384AEFA0EC5E}.Debug|x64.Build.0 = Debug|Any CPU
		{236BE58A-F671-45B2-9054-384AEFA0EC5E}.Debug|x86.ActiveCfg = Debug|Any CPU
		{236BE58A-F671-45B2-9054-384AEFA0EC5E}.Debug|x86.Build.0 = Debug|Any CPU
		{236BE58A-F671-45B2-9054-384AEFA0EC5E}.Release|Any CPU.ActiveCfg = Release|Any CPU
		{236BE58A-F671-45B2-9054-384AEFA0EC5E}.Release|Any CPU.Build.0 = Release|Any CPU
		{236BE58A-F671-45B2-9054-384AEFA0EC5E}.Release|x64.ActiveCfg = Release|Any CPU
		{236BE58A-F671-45B2-9054-384AEFA0EC5E}.Release|x64.Build.0 = Release|Any CPU
		{236BE58A-F671-45B2-9054-384AEFA0EC5E}.Release|x86.ActiveCfg = Release|Any CPU
		{236BE58A-F671-45B2-9054-384AEFA0EC5E}.Release|x86.Build.0 = Release|Any CPU
		{732A71CA-40AF-4591-B884-FCA7D61C1761}.Debug|Any CPU.ActiveCfg = Debug|Any CPU
		{732A71CA-40AF-4591-B884-FCA7D61C1761}.Debug|Any CPU.Build.0 = Debug|Any CPU
		{732A71CA-40AF-4591-B884-FCA7D61C1761}.Debug|x64.ActiveCfg = Debug|Any CPU
		{732A71CA-40AF-4591-B884-FCA7D61C1761}.Debug|x64.Build.0 = Debug|Any CPU
		{732A71CA-40AF-4591-B884-FCA7D61C1761}.Debug|x86.ActiveCfg = Debug|Any CPU
		{732A71CA-40AF-4591-B884-FCA7D61C1761}.Debug|x86.Build.0 = Debug|Any CPU
		{732A71CA-40AF-4591-B884-FCA7D61C1761}.Release|Any CPU.ActiveCfg = Release|Any CPU
		{732A71CA-40AF-4591-B884-FCA7D61C1761}.Release|Any CPU.Build.0 = Release|Any CPU
		{732A71CA-40AF-4591-B884-FCA7D61C1761}.Release|x64.ActiveCfg = Release|Any CPU
		{732A71CA-40AF-4591-B884-FCA7D61C1761}.Release|x64.Build.0 = Release|Any CPU
		{732A71CA-40AF-4591-B884-FCA7D61C1761}.Release|x86.ActiveCfg = Release|Any CPU
		{732A71CA-40AF-4591-B884-FCA7D61C1761}.Release|x86.Build.0 = Release|Any CPU
		{DA3DA007-A876-447F-97E0-EA95F723D3C8}.Debug|Any CPU.ActiveCfg = Debug|Any CPU
		{DA3DA007-A876-447F-97E0-EA95F723D3C8}.Debug|Any CPU.Build.0 = Debug|Any CPU
		{DA3DA007-A876-447F-97E0-EA95F723D3C8}.Debug|x64.ActiveCfg = Debug|Any CPU
		{DA3DA007-A876-447F-97E0-EA95F723D3C8}.Debug|x64.Build.0 = Debug|Any CPU
		{DA3DA007-A876-447F-97E0-EA95F723D3C8}.Debug|x86.ActiveCfg = Debug|Any CPU
		{DA3DA007-A876-447F-97E0-EA95F723D3C8}.Debug|x86.Build.0 = Debug|Any CPU
		{DA3DA007-A876-447F-97E0-EA95F723D3C8}.Release|Any CPU.ActiveCfg = Release|Any CPU
		{DA3DA007-A876-447F-97E0-EA95F723D3C8}.Release|Any CPU.Build.0 = Release|Any CPU
		{DA3DA007-A876-447F-97E0-EA95F723D3C8}.Release|x64.ActiveCfg = Release|Any CPU
		{DA3DA007-A876-447F-97E0-EA95F723D3C8}.Release|x64.Build.0 = Release|Any CPU
		{DA3DA007-A876-447F-97E0-EA95F723D3C8}.Release|x86.ActiveCfg = Release|Any CPU
		{DA3DA007-A876-447F-97E0-EA95F723D3C8}.Release|x86.Build.0 = Release|Any CPU
		{0819236D-DDCE-468A-BA01-8EB5C2890595}.Debug|Any CPU.ActiveCfg = Debug|Any CPU
		{0819236D-DDCE-468A-BA01-8EB5C2890595}.Debug|Any CPU.Build.0 = Debug|Any CPU
		{0819236D-DDCE-468A-BA01-8EB5C2890595}.Debug|x64.ActiveCfg = Debug|Any CPU
		{0819236D-DDCE-468A-BA01-8EB5C2890595}.Debug|x64.Build.0 = Debug|Any CPU
		{0819236D-DDCE-468A-BA01-8EB5C2890595}.Debug|x86.ActiveCfg = Debug|Any CPU
		{0819236D-DDCE-468A-BA01-8EB5C2890595}.Debug|x86.Build.0 = Debug|Any CPU
		{0819236D-DDCE-468A-BA01-8EB5C2890595}.Release|Any CPU.ActiveCfg = Release|Any CPU
		{0819236D-DDCE-468A-BA01-8EB5C2890595}.Release|Any CPU.Build.0 = Release|Any CPU
		{0819236D-DDCE-468A-BA01-8EB5C2890595}.Release|x64.ActiveCfg = Release|Any CPU
		{0819236D-DDCE-468A-BA01-8EB5C2890595}.Release|x64.Build.0 = Release|Any CPU
		{0819236D-DDCE-468A-BA01-8EB5C2890595}.Release|x86.ActiveCfg = Release|Any CPU
		{0819236D-DDCE-468A-BA01-8EB5C2890595}.Release|x86.Build.0 = Release|Any CPU
		{2F27EC58-5BD3-4480-82A8-4100A82EE3DB}.Debug|Any CPU.ActiveCfg = Debug|Any CPU
		{2F27EC58-5BD3-4480-82A8-4100A82EE3DB}.Debug|Any CPU.Build.0 = Debug|Any CPU
		{2F27EC58-5BD3-4480-82A8-4100A82EE3DB}.Debug|x64.ActiveCfg = Debug|Any CPU
		{2F27EC58-5BD3-4480-82A8-4100A82EE3DB}.Debug|x64.Build.0 = Debug|Any CPU
		{2F27EC58-5BD3-4480-82A8-4100A82EE3DB}.Debug|x86.ActiveCfg = Debug|Any CPU
		{2F27EC58-5BD3-4480-82A8-4100A82EE3DB}.Debug|x86.Build.0 = Debug|Any CPU
		{2F27EC58-5BD3-4480-82A8-4100A82EE3DB}.Release|Any CPU.ActiveCfg = Release|Any CPU
		{2F27EC58-5BD3-4480-82A8-4100A82EE3DB}.Release|Any CPU.Build.0 = Release|Any CPU
		{2F27EC58-5BD3-4480-82A8-4100A82EE3DB}.Release|x64.ActiveCfg = Release|Any CPU
		{2F27EC58-5BD3-4480-82A8-4100A82EE3DB}.Release|x64.Build.0 = Release|Any CPU
		{2F27EC58-5BD3-4480-82A8-4100A82EE3DB}.Release|x86.ActiveCfg = Release|Any CPU
		{2F27EC58-5BD3-4480-82A8-4100A82EE3DB}.Release|x86.Build.0 = Release|Any CPU
		{91E62261-602A-4FDA-B052-68A8FD0F979C}.Debug|Any CPU.ActiveCfg = Debug|Any CPU
		{91E62261-602A-4FDA-B052-68A8FD0F979C}.Debug|Any CPU.Build.0 = Debug|Any CPU
		{91E62261-602A-4FDA-B052-68A8FD0F979C}.Debug|x64.ActiveCfg = Debug|Any CPU
		{91E62261-602A-4FDA-B052-68A8FD0F979C}.Debug|x64.Build.0 = Debug|Any CPU
		{91E62261-602A-4FDA-B052-68A8FD0F979C}.Debug|x86.ActiveCfg = Debug|Any CPU
		{91E62261-602A-4FDA-B052-68A8FD0F979C}.Debug|x86.Build.0 = Debug|Any CPU
		{91E62261-602A-4FDA-B052-68A8FD0F979C}.Release|Any CPU.ActiveCfg = Release|Any CPU
		{91E62261-602A-4FDA-B052-68A8FD0F979C}.Release|Any CPU.Build.0 = Release|Any CPU
		{91E62261-602A-4FDA-B052-68A8FD0F979C}.Release|x64.ActiveCfg = Release|Any CPU
		{91E62261-602A-4FDA-B052-68A8FD0F979C}.Release|x64.Build.0 = Release|Any CPU
		{91E62261-602A-4FDA-B052-68A8FD0F979C}.Release|x86.ActiveCfg = Release|Any CPU
		{91E62261-602A-4FDA-B052-68A8FD0F979C}.Release|x86.Build.0 = Release|Any CPU
		{2E3843F4-596B-4A09-A9C4-6AE1C4E25C7D}.Debug|Any CPU.ActiveCfg = Debug|Any CPU
		{2E3843F4-596B-4A09-A9C4-6AE1C4E25C7D}.Debug|Any CPU.Build.0 = Debug|Any CPU
		{2E3843F4-596B-4A09-A9C4-6AE1C4E25C7D}.Debug|x64.ActiveCfg = Debug|Any CPU
		{2E3843F4-596B-4A09-A9C4-6AE1C4E25C7D}.Debug|x64.Build.0 = Debug|Any CPU
		{2E3843F4-596B-4A09-A9C4-6AE1C4E25C7D}.Debug|x86.ActiveCfg = Debug|Any CPU
		{2E3843F4-596B-4A09-A9C4-6AE1C4E25C7D}.Debug|x86.Build.0 = Debug|Any CPU
		{2E3843F4-596B-4A09-A9C4-6AE1C4E25C7D}.Release|Any CPU.ActiveCfg = Release|Any CPU
		{2E3843F4-596B-4A09-A9C4-6AE1C4E25C7D}.Release|Any CPU.Build.0 = Release|Any CPU
		{2E3843F4-596B-4A09-A9C4-6AE1C4E25C7D}.Release|x64.ActiveCfg = Release|Any CPU
		{2E3843F4-596B-4A09-A9C4-6AE1C4E25C7D}.Release|x64.Build.0 = Release|Any CPU
		{2E3843F4-596B-4A09-A9C4-6AE1C4E25C7D}.Release|x86.ActiveCfg = Release|Any CPU
		{2E3843F4-596B-4A09-A9C4-6AE1C4E25C7D}.Release|x86.Build.0 = Release|Any CPU
		{0E4F3480-6B18-4C75-B30C-EBB0B321CF0A}.Debug|Any CPU.ActiveCfg = Debug|Any CPU
		{0E4F3480-6B18-4C75-B30C-EBB0B321CF0A}.Debug|Any CPU.Build.0 = Debug|Any CPU
		{0E4F3480-6B18-4C75-B30C-EBB0B321CF0A}.Debug|x64.ActiveCfg = Debug|Any CPU
		{0E4F3480-6B18-4C75-B30C-EBB0B321CF0A}.Debug|x64.Build.0 = Debug|Any CPU
		{0E4F3480-6B18-4C75-B30C-EBB0B321CF0A}.Debug|x86.ActiveCfg = Debug|Any CPU
		{0E4F3480-6B18-4C75-B30C-EBB0B321CF0A}.Debug|x86.Build.0 = Debug|Any CPU
		{0E4F3480-6B18-4C75-B30C-EBB0B321CF0A}.Release|Any CPU.ActiveCfg = Release|Any CPU
		{0E4F3480-6B18-4C75-B30C-EBB0B321CF0A}.Release|Any CPU.Build.0 = Release|Any CPU
		{0E4F3480-6B18-4C75-B30C-EBB0B321CF0A}.Release|x64.ActiveCfg = Release|Any CPU
		{0E4F3480-6B18-4C75-B30C-EBB0B321CF0A}.Release|x64.Build.0 = Release|Any CPU
		{0E4F3480-6B18-4C75-B30C-EBB0B321CF0A}.Release|x86.ActiveCfg = Release|Any CPU
		{0E4F3480-6B18-4C75-B30C-EBB0B321CF0A}.Release|x86.Build.0 = Release|Any CPU
		{195A9291-6C33-4A96-8CC6-6C1D06CDE2F4}.Debug|Any CPU.ActiveCfg = Debug|Any CPU
		{195A9291-6C33-4A96-8CC6-6C1D06CDE2F4}.Debug|Any CPU.Build.0 = Debug|Any CPU
		{195A9291-6C33-4A96-8CC6-6C1D06CDE2F4}.Debug|x64.ActiveCfg = Debug|Any CPU
		{195A9291-6C33-4A96-8CC6-6C1D06CDE2F4}.Debug|x64.Build.0 = Debug|Any CPU
		{195A9291-6C33-4A96-8CC6-6C1D06CDE2F4}.Debug|x86.ActiveCfg = Debug|Any CPU
		{195A9291-6C33-4A96-8CC6-6C1D06CDE2F4}.Debug|x86.Build.0 = Debug|Any CPU
		{195A9291-6C33-4A96-8CC6-6C1D06CDE2F4}.Release|Any CPU.ActiveCfg = Release|Any CPU
		{195A9291-6C33-4A96-8CC6-6C1D06CDE2F4}.Release|Any CPU.Build.0 = Release|Any CPU
		{195A9291-6C33-4A96-8CC6-6C1D06CDE2F4}.Release|x64.ActiveCfg = Release|Any CPU
		{195A9291-6C33-4A96-8CC6-6C1D06CDE2F4}.Release|x64.Build.0 = Release|Any CPU
		{195A9291-6C33-4A96-8CC6-6C1D06CDE2F4}.Release|x86.ActiveCfg = Release|Any CPU
		{195A9291-6C33-4A96-8CC6-6C1D06CDE2F4}.Release|x86.Build.0 = Release|Any CPU
		{2A29C62B-49B7-4439-A197-4BF35DB8ED58}.Debug|Any CPU.ActiveCfg = Debug|Any CPU
		{2A29C62B-49B7-4439-A197-4BF35DB8ED58}.Debug|Any CPU.Build.0 = Debug|Any CPU
		{2A29C62B-49B7-4439-A197-4BF35DB8ED58}.Debug|x64.ActiveCfg = Debug|Any CPU
		{2A29C62B-49B7-4439-A197-4BF35DB8ED58}.Debug|x64.Build.0 = Debug|Any CPU
		{2A29C62B-49B7-4439-A197-4BF35DB8ED58}.Debug|x86.ActiveCfg = Debug|Any CPU
		{2A29C62B-49B7-4439-A197-4BF35DB8ED58}.Debug|x86.Build.0 = Debug|Any CPU
		{2A29C62B-49B7-4439-A197-4BF35DB8ED58}.Release|Any CPU.ActiveCfg = Release|Any CPU
		{2A29C62B-49B7-4439-A197-4BF35DB8ED58}.Release|Any CPU.Build.0 = Release|Any CPU
		{2A29C62B-49B7-4439-A197-4BF35DB8ED58}.Release|x64.ActiveCfg = Release|Any CPU
		{2A29C62B-49B7-4439-A197-4BF35DB8ED58}.Release|x64.Build.0 = Release|Any CPU
		{2A29C62B-49B7-4439-A197-4BF35DB8ED58}.Release|x86.ActiveCfg = Release|Any CPU
		{2A29C62B-49B7-4439-A197-4BF35DB8ED58}.Release|x86.Build.0 = Release|Any CPU
	EndGlobalSection
	GlobalSection(SolutionProperties) = preSolution
		HideSolutionNode = FALSE
	EndGlobalSection
	GlobalSection(NestedProjects) = preSolution
		{236BE58A-F671-45B2-9054-384AEFA0EC5E} = {6D005A3A-D17D-4F57-9D6D-589B95901D91}
		{732A71CA-40AF-4591-B884-FCA7D61C1761} = {6D005A3A-D17D-4F57-9D6D-589B95901D91}
		{DA3DA007-A876-447F-97E0-EA95F723D3C8} = {6D005A3A-D17D-4F57-9D6D-589B95901D91}
		{85207A2B-31F1-40F2-9E68-38729B49E5A0} = {98721B8C-FA66-4885-9F1E-834036624EAA}
		{5DAFB470-E2BF-4294-A878-0A8623B3D045} = {98721B8C-FA66-4885-9F1E-834036624EAA}
		{0819236D-DDCE-468A-BA01-8EB5C2890595} = {A39CB1AD-01F5-4C87-A093-4B3DC2B40AB7}
		{2F27EC58-5BD3-4480-82A8-4100A82EE3DB} = {85207A2B-31F1-40F2-9E68-38729B49E5A0}
		{91E62261-602A-4FDA-B052-68A8FD0F979C} = {85207A2B-31F1-40F2-9E68-38729B49E5A0}
		{2E3843F4-596B-4A09-A9C4-6AE1C4E25C7D} = {5DAFB470-E2BF-4294-A878-0A8623B3D045}
		{0E4F3480-6B18-4C75-B30C-EBB0B321CF0A} = {FD484775-6BB9-4B87-8E2C-AE7CD345DB89}
		{195A9291-6C33-4A96-8CC6-6C1D06CDE2F4} = {FD484775-6BB9-4B87-8E2C-AE7CD345DB89}
		{2A29C62B-49B7-4439-A197-4BF35DB8ED58} = {5DAFB470-E2BF-4294-A878-0A8623B3D045}
	EndGlobalSection
	GlobalSection(ExtensibilityGlobals) = postSolution
		SolutionGuid = {F235FAB0-D132-4139-9E6B-4E23DA29EEEA}
	EndGlobalSection
EndGlobal
